
Microsoft Visual Studio Solution File, Format Version 12.00
# Visual Studio Version 16
VisualStudioVersion = 16.0.33529.622
MinimumVisualStudioVersion = 10.0.40219.1
Project("{FAE04EC0-301F-11D3-BF4B-00C04F79EFBC}") = "ProjetoIntegrador", "ProjetoIntegrador\ProjetoIntegrador.csproj", "{FD5FB98C-5544-4815-BFA7-4623F16D214C}"
EndProject
Global
	GlobalSection(SolutionConfigurationPlatforms) = preSolution
		Debug|Any CPU = Debug|Any CPU
		Release|Any CPU = Release|Any CPU
	EndGlobalSection
	GlobalSection(ProjectConfigurationPlatforms) = postSolution
		{FD5FB98C-5544-4815-BFA7-4623F16D214C}.Debug|Any CPU.ActiveCfg = Debug|Any CPU
		{FD5FB98C-5544-4815-BFA7-4623F16D214C}.Debug|Any CPU.Build.0 = Debug|Any CPU
		{FD5FB98C-5544-4815-BFA7-4623F16D214C}.Release|Any CPU.ActiveCfg = Release|Any CPU
		{FD5FB98C-5544-4815-BFA7-4623F16D214C}.Release|Any CPU.Build.0 = Release|Any CPU
	EndGlobalSection
	GlobalSection(SolutionProperties) = preSolution
		HideSolutionNode = FALSE
	EndGlobalSection
	GlobalSection(ExtensibilityGlobals) = postSolution
		SolutionGuid = {2F158209-E33E-44FE-9262-FBB1F2769F22}
	EndGlobalSection
EndGlobal
